SITE
  remote: http://community.opscode.com/api/v1
  specs:
    apache2 (1.8.4)
    apt (2.3.0)
    aws (1.0.0)
    chef_gem (0.1.0)
    database (1.5.2)
      aws (>= 0.0.0)
      mysql (>= 1.3.0)
      postgresql (>= 1.0.0)
      xfs (>= 0.0.0)
    mysql (4.0.6)
      build-essential (~> 1.4)
      openssl (~> 1.1)
    openssl (1.1.0)
    php (1.2.6)
      build-essential (>= 0.0.0)
      mysql (>= 0.0.0)
      xml (>= 0.0.0)
    postgresql (3.3.4)
      apt (>= 0.0.0)
      build-essential (>= 0.0.0)
      openssl (>= 0.0.0)
    runit (1.4.0)
      build-essential (>= 0.0.0)
      yum (>= 0.0.0)
    vim (1.0.2)
    xfs (1.1.0)
    xml (1.2.0)
      build-essential (>= 0.0.0)
    yum (2.4.2)

GIT
  remote: git://github.com/fnichol/chef-rbenv
  ref: master
  sha: 9afb4e5da2e6212504a12de3bbbd410cd96100f6
  specs:
    chef-rbenv (0.7.3)

GIT
  remote: git://github.com/fnichol/chef-rvm.git
  ref: master
  sha: 0cd320911c1e568cbf2eeac895a5ef06e5821589
  specs:
    rvm (0.9.1)
      chef_gem (>= 0.0.0)

GIT
  remote: https://github.com/fnichol/chef-git
  ref: master
  sha: 6c19cbefcdad5ec0f62a64dae1f656d660698ea3
  specs:
    git (0.9.0)
      runit (>= 0.0.0)

GIT
  remote: https://github.com/mdxp/nodejs-cookbook.git
  ref: master
  sha: 4c685529e7a8db0222b17407367e8b309afd3137
  specs:
    nodejs (1.3.0)
      apt (>= 0.0.0)
      build-essential (>= 0.0.0)
      yum (>= 0.0.0)

GIT
  remote: https://github.com/opscode-cookbooks/build-essential
  ref: master
  sha: 7f4d351036f10e7b641e1df137390491d6111669
  specs:
    build-essential (1.4.2)

PATH
  remote: .
  specs:
    bluedice (0.0.0)

DEPENDENCIES
  apache2 (>= 0)
  apt (>= 0)
  bluedice (>= 0)
  build-essential (>= 0)
  chef-rbenv (>= 0)
  chef_gem (>= 0)
  database (>= 0)
  git (>= 0)
  mysql (>= 0)
  nodejs (>= 0)
  php (>= 0)
  rvm (>= 0)
  vim (>= 0)

